
Microsoft Visual Studio Solution File, Format Version 12.00
# Visual Studio Version 16
VisualStudioVersion = 16.0.28803.202
MinimumVisualStudioVersion = 10.0.40219.1
Project("{FAE04EC0-301F-11D3-BF4B-00C04F79EFBC}") = "ReposTransfer", "ReposTransfer\ReposTransfer.csproj", "{B99A7DE1-2CB7-48D8-ABAE-3C2187CD15B0}"
EndProject
Project("{54435603-DBB4-11D2-8724-00A0C9A8B90C}") = "ReposTransfer Setup", "ReposTransfer Setup\ReposTransfer Setup.vdproj", "{E83CB4EF-248C-4C8F-AD2C-C1F24F22EBC8}"
EndProject
Global
	GlobalSection(SolutionConfigurationPlatforms) = preSolution
		Debug|Any CPU = Debug|Any CPU
		Release|Any CPU = Release|Any CPU
	EndGlobalSection
	GlobalSection(ProjectConfigurationPlatforms) = postSolution
		{B99A7DE1-2CB7-48D8-ABAE-3C2187CD15B0}.Debug|Any CPU.ActiveCfg = Debug|Any CPU
		{B99A7DE1-2CB7-48D8-ABAE-3C2187CD15B0}.Debug|Any CPU.Build.0 = Debug|Any CPU
		{B99A7DE1-2CB7-48D8-ABAE-3C2187CD15B0}.Release|Any CPU.ActiveCfg = Release|Any CPU
		{B99A7DE1-2CB7-48D8-ABAE-3C2187CD15B0}.Release|Any CPU.Build.0 = Release|Any CPU
		{E83CB4EF-248C-4C8F-AD2C-C1F24F22EBC8}.Debug|Any CPU.ActiveCfg = Debug
		{E83CB4EF-248C-4C8F-AD2C-C1F24F22EBC8}.Release|Any CPU.ActiveCfg = Release
	EndGlobalSection
	GlobalSection(SolutionProperties) = preSolution
		HideSolutionNode = FALSE
	EndGlobalSection
	GlobalSection(ExtensibilityGlobals) = postSolution
		SolutionGuid = {2969E4AE-3D9A-4FB5-9A9D-6A3D17A43827}
	EndGlobalSection
EndGlobal
